<Solution>
  <Project Path="Assembly-CSharp-firstpass.csproj" />
  <Project Path="Assembly-WatKhaoWong-Admin.csproj" />
  <Project Path="Assembly-WatKhaoWong-Attributes.csproj" />
  <Project Path="Assembly-DatePicker.csproj" />
  <Project Path="Assembly-WatKhaoWong-Utils.csproj" />
  <Project Path="GraphAndChart.csproj" />
  <Project Path="Assembly-WatKhaoWong-CorePopups.csproj" />
  <Project Path="Assembly-ModernUIPack.csproj" />
  <Project Path="Assembly-WatKhaoWong-UI.csproj" />
  <Project Path="AlmostEngine.csproj" />
  <Project Path="NativeFilePicker.Editor.csproj" />
  <Project Path="Assembly-WatKhaoWong-Core.csproj" />
  <Project Path="Assembly-WatKhaoWong-Retreats.csproj" />
  <Project Path="Assembly-WatKhaoWong-Homes.csproj" />
  <Project Path="AlmostEngine.Shared.csproj" />
  <Project Path="Assembly-WatKhaoWong-Prays.csproj" />
  <Project Path="Bitsplash.GraphAndChart.Editor.csproj" />
  <Project Path="AlmostEngine.UltimateScreenshotCreator.Editor.csproj" />
  <Project Path="AlmostEngine.UniversalDevicePreview.Editor.csproj" />
  <Project Path="Assembly-WatKhaoWong-Identity.csproj" />
  <Project Path="AlmostEngine.Shared.Editor.csproj" />
  <Project Path="Assembly-WatKhaoWong-SceneManagement.csproj" />
  <Project Path="Assembly-WatKhaoWong-Leaderboards.csproj" />
  <Project Path="Assembly-WatKhaoWong-Settings.csproj" />
  <Project Path="Assembly-WatKhaoWong-Challenges.csproj" />
  <Project Path="NativeShare.Runtime.csproj" />
  <Project Path="NativeGallery.Editor.csproj" />
  <Project Path="NativeGallery.Runtime.csproj" />
  <Project Path="NativeFilePicker.Runtime.csproj" />
  <Project Path="Assembly-WatKhaoWong-Authentication.csproj" />
  <Project Path="AlmostEngine.SimpleLocalization.Editor.csproj" />
  <Project Path="Assembly-WatKhaoWong-Saving.csproj" />
  <Project Path="AlmostEngine.ExcludeFromBuildTool.Editor.csproj" />
  <Project Path="NativeShare.Editor.csproj" />
  <Project Path="Assembly-WatKhaoWong-Histories.csproj" />
  <Project Path="Assembly-WatKhaoWong-CoreItems.csproj" />
</Solution>
